
Microsoft Visual Studio Solution File, Format Version 12.00
# Visual Studio Version 17
VisualStudioVersion = 17.4.33403.182
MinimumVisualStudioVersion = 10.0.40219.1
Project("{FAE04EC0-301F-11D3-BF4B-00C04F79EFBC}") = "ReceiptToJson", "ReceiptToJson\ReceiptToJson.csproj", "{CB6D6B48-2606-4003-A564-7D21624AA43E}"
EndProject
Global
	GlobalSection(SolutionConfigurationPlatforms) = preSolution
		Debug|Any CPU = Debug|Any CPU
		Release|Any CPU = Release|Any CPU
	EndGlobalSection
	GlobalSection(ProjectConfigurationPlatforms) = postSolution
		{CB6D6B48-2606-4003-A564-7D21624AA43E}.Debug|Any CPU.ActiveCfg = Debug|Any CPU
		{CB6D6B48-2606-4003-A564-7D21624AA43E}.Debug|Any CPU.Build.0 = Debug|Any CPU
		{CB6D6B48-2606-4003-A564-7D21624AA43E}.Release|Any CPU.ActiveCfg = Release|Any CPU
		{CB6D6B48-2606-4003-A564-7D21624AA43E}.Release|Any CPU.Build.0 = Release|Any CPU
	EndGlobalSection
	GlobalSection(SolutionProperties) = preSolution
		HideSolutionNode = FALSE
	EndGlobalSection
	GlobalSection(ExtensibilityGlobals) = postSolution
		SolutionGuid = {13B3EBA6-95EA-45A6-99E2-E11E9DFCD176}
	EndGlobalSection
EndGlobal
